{
  "name": "kml",
  "version": "1.0.0",
  "lockfileVersion": 3,
  "requires": true,
  "packages": {
    "": {
      "name": "kml",
      "version": "1.0.0",
      "license": "ISC",
      "dependencies": {
        "@tmcw/togeojson": "^6.0.1",
        "fs": "^0.0.1-security",
        "xmldom": "^0.6.0"
      }
    },
    "node_modules/@tmcw/togeojson": {
      "version": "6.0.1",
      "resolved": "https://registry.npmjs.org/@tmcw/togeojson/-/togeojson-6.0.1.tgz",
      "integrity": "sha512-eit0noOFdAz6f26ODt5h3E/7wkmW/Sr8b3cVDPTKwYCXk9JL1lfoRKGw2axFVYJC6s5unVTVCjOe86Vak02Vuw==",
      "license": "BSD-2-Clause",
      "engines": {
        "node": "*"
      },
      "peerDependencies": {
        "@types/geojson": "*",
        "@xmldom/xmldom": "^0.9.5"
      }
    },
    "node_modules/@types/geojson": {
      "version": "7946.0.16",
      "resolved": "https://registry.npmjs.org/@types/geojson/-/geojson-7946.0.16.tgz",
      "integrity": "sha512-6C8nqWur3j98U6+lXDfTUWIfgvZU+EumvpHKcYjujKH7woYyLj2sUmff0tRhrqM7BohUw7Pz3ZB1jj2gW9Fvmg==",
      "license": "MIT",
      "peer": true
    },
    "node_modules/@xmldom/xmldom": {
      "version": "0.9.7",
      "resolved": "https://registry.npmjs.org/@xmldom/xmldom/-/xmldom-0.9.7.tgz",
      "integrity": "sha512-syvR8iIJjpTZ/stv7l89UAViwGFh6lbheeOaqSxkYx9YNmIVvPTRH+CT/fpykFtUx5N+8eSMDRvggF9J8GEPzQ==",
      "license": "MIT",
      "peer": true,
      "engines": {
        "node": ">=14.6"
      }
    },
    "node_modules/fs": {
      "version": "0.0.1-security",
      "resolved": "https://registry.npmjs.org/fs/-/fs-0.0.1-security.tgz",
      "integrity": "sha512-3XY9e1pP0CVEUCdj5BmfIZxRBTSDycnbqhIOGec9QYtmVH2fbLpj86CFWkrNOkt/Fvty4KZG5lTglL9j/gJ87w==",
      "license": "ISC"
    },
    "node_modules/xmldom": {
      "version": "0.6.0",
      "resolved": "https://registry.npmjs.org/xmldom/-/xmldom-0.6.0.tgz",
      "integrity": "sha512-iAcin401y58LckRZ0TkI4k0VSM1Qg0KGSc3i8rU+xrxe19A/BN1zHyVSJY7uoutVlaTSzYyk/v5AmkewAP7jtg==",
      "license": "MIT",
      "engines": {
        "node": ">=10.0.0"
      }
    }
  }
}
